
Microsoft Visual Studio Solution File, Format Version 12.00
# Visual Studio Version 16
VisualStudioVersion = 16.0.30011.22
MinimumVisualStudioVersion = 10.0.40219.1
Project("{2150E333-8FDC-42A3-9474-1A3956D46DE8}") = "src", "src", "{F5718F70-B2EE-4D58-A444-97A04CDCF893}"
EndProject
Project("{2150E333-8FDC-42A3-9474-1A3956D46DE8}") = "Catalog", "Catalog", "{F34510C3-43A2-434C-AABD-945292648FB1}"
EndProject
Project("{9A19103F-16F7-4668-BE54-9A1E7A4F7556}") = "Catalog.API", "Catalog.API\Catalog.API.csproj", "{F4618C15-C76F-404C-BCB3-7A2D8EDCA0EA}"
EndProject
Project("{E53339B2-1760-4266-BCC7-CA923CBCF16C}") = "docker-compose", "docker-compose.dcproj", "{264BA326-BDD5-460C-B8B4-90240637D893}"
EndProject
Project("{2150E333-8FDC-42A3-9474-1A3956D46DE8}") = "Basket", "Basket", "{9DF278B5-B966-4474-92A5-30E16E698057}"
EndProject
Project("{9A19103F-16F7-4668-BE54-9A1E7A4F7556}") = "Basket.API", "Basket.API\Basket.API.csproj", "{169F7102-8D64-4B16-8B95-AB6BAA6E9656}"
EndProject
Project("{2150E333-8FDC-42A3-9474-1A3956D46DE8}") = "Common", "Common", "{DE407426-1912-476C-B38F-F6D79643E9E0}"
EndProject
Project("{9A19103F-16F7-4668-BE54-9A1E7A4F7556}") = "EventDrivenRabbitMQ", "Common\EventDrivenRabbitMQ\EventDrivenRabbitMQ.csproj", "{F71698D7-CBD9-40BF-B573-D56AED7DCD86}"
EndProject
Global
	GlobalSection(SolutionConfigurationPlatforms) = preSolution
		Debug|Any CPU = Debug|Any CPU
		Release|Any CPU = Release|Any CPU
	EndGlobalSection
	GlobalSection(ProjectConfigurationPlatforms) = postSolution
		{F4618C15-C76F-404C-BCB3-7A2D8EDCA0EA}.Debug|Any CPU.ActiveCfg = Debug|Any CPU
		{F4618C15-C76F-404C-BCB3-7A2D8EDCA0EA}.Debug|Any CPU.Build.0 = Debug|Any CPU
		{F4618C15-C76F-404C-BCB3-7A2D8EDCA0EA}.Release|Any CPU.ActiveCfg = Release|Any CPU
		{F4618C15-C76F-404C-BCB3-7A2D8EDCA0EA}.Release|Any CPU.Build.0 = Release|Any CPU
		{264BA326-BDD5-460C-B8B4-90240637D893}.Debug|Any CPU.ActiveCfg = Debug|Any CPU
		{264BA326-BDD5-460C-B8B4-90240637D893}.Debug|Any CPU.Build.0 = Debug|Any CPU
		{264BA326-BDD5-460C-B8B4-90240637D893}.Release|Any CPU.ActiveCfg = Release|Any CPU
		{264BA326-BDD5-460C-B8B4-90240637D893}.Release|Any CPU.Build.0 = Release|Any CPU
		{169F7102-8D64-4B16-8B95-AB6BAA6E9656}.Debug|Any CPU.ActiveCfg = Debug|Any CPU
		{169F7102-8D64-4B16-8B95-AB6BAA6E9656}.Debug|Any CPU.Build.0 = Debug|Any CPU
		{169F7102-8D64-4B16-8B95-AB6BAA6E9656}.Release|Any CPU.ActiveCfg = Release|Any CPU
		{169F7102-8D64-4B16-8B95-AB6BAA6E9656}.Release|Any CPU.Build.0 = Release|Any CPU
		{F71698D7-CBD9-40BF-B573-D56AED7DCD86}.Debug|Any CPU.ActiveCfg = Debug|Any CPU
		{F71698D7-CBD9-40BF-B573-D56AED7DCD86}.Debug|Any CPU.Build.0 = Debug|Any CPU
		{F71698D7-CBD9-40BF-B573-D56AED7DCD86}.Release|Any CPU.ActiveCfg = Release|Any CPU
		{F71698D7-CBD9-40BF-B573-D56AED7DCD86}.Release|Any CPU.Build.0 = Release|Any CPU
	EndGlobalSection
	GlobalSection(SolutionProperties) = preSolution
		HideSolutionNode = FALSE
	EndGlobalSection
	GlobalSection(NestedProjects) = preSolution
		{F34510C3-43A2-434C-AABD-945292648FB1} = {F5718F70-B2EE-4D58-A444-97A04CDCF893}
		{F4618C15-C76F-404C-BCB3-7A2D8EDCA0EA} = {F34510C3-43A2-434C-AABD-945292648FB1}
		{9DF278B5-B966-4474-92A5-30E16E698057} = {F5718F70-B2EE-4D58-A444-97A04CDCF893}
		{169F7102-8D64-4B16-8B95-AB6BAA6E9656} = {9DF278B5-B966-4474-92A5-30E16E698057}
		{DE407426-1912-476C-B38F-F6D79643E9E0} = {F5718F70-B2EE-4D58-A444-97A04CDCF893}
		{F71698D7-CBD9-40BF-B573-D56AED7DCD86} = {DE407426-1912-476C-B38F-F6D79643E9E0}
	EndGlobalSection
	GlobalSection(ExtensibilityGlobals) = postSolution
		SolutionGuid = {7F99E4D7-1F8A-4FAB-BD55-D88072250F6A}
	EndGlobalSection
EndGlobal
